
Microsoft Visual Studio Solution File, Format Version 12.00
# Visual Studio Version 17
VisualStudioVersion = 17.7.34031.279
MinimumVisualStudioVersion = 10.0.40219.1
Project("{FAE04EC0-301F-11D3-BF4B-00C04F79EFBC}") = "Course_set3", "Course_set3.csproj", "{F7B409C3-C4EC-4903-9ECA-B07297C21DF7}"
EndProject
Global
	GlobalSection(SolutionConfigurationPlatforms) = preSolution
		Debug|Any CPU = Debug|Any CPU
		Release|Any CPU = Release|Any CPU
	EndGlobalSection
	GlobalSection(ProjectConfigurationPlatforms) = postSolution
		{F7B409C3-C4EC-4903-9ECA-B07297C21DF7}.Debug|Any CPU.ActiveCfg = Debug|Any CPU
		{F7B409C3-C4EC-4903-9ECA-B07297C21DF7}.Debug|Any CPU.Build.0 = Debug|Any CPU
		{F7B409C3-C4EC-4903-9ECA-B07297C21DF7}.Release|Any CPU.ActiveCfg = Release|Any CPU
		{F7B409C3-C4EC-4903-9ECA-B07297C21DF7}.Release|Any CPU.Build.0 = Release|Any CPU
	EndGlobalSection
	GlobalSection(SolutionProperties) = preSolution
		HideSolutionNode = FALSE
	EndGlobalSection
	GlobalSection(ExtensibilityGlobals) = postSolution
		SolutionGuid = {A84B591A-5B34-451E-BCD0-FD3C6982410F}
	EndGlobalSection
EndGlobal
